
Microsoft Visual Studio Solution File, Format Version 12.00
# Visual Studio 15
VisualStudioVersion = 15.0.28010.2050
MinimumVisualStudioVersion = 10.0.40219.1
Project("{FAE04EC0-301F-11D3-BF4B-00C04F79EFBC}") = "ABM_TP", "ABM_TP\ABM_TP.csproj", "{CE0AE1B3-D971-458E-8936-C023699B8D51}"
EndProject
Global
	GlobalSection(SolutionConfigurationPlatforms) = preSolution
		Debug|Any CPU = Debug|Any CPU
		Release|Any CPU = Release|Any CPU
	EndGlobalSection
	GlobalSection(ProjectConfigurationPlatforms) = postSolution
		{CE0AE1B3-D971-458E-8936-C023699B8D51}.Debug|Any CPU.ActiveCfg = Debug|Any CPU
		{CE0AE1B3-D971-458E-8936-C023699B8D51}.Debug|Any CPU.Build.0 = Debug|Any CPU
		{CE0AE1B3-D971-458E-8936-C023699B8D51}.Release|Any CPU.ActiveCfg = Release|Any CPU
		{CE0AE1B3-D971-458E-8936-C023699B8D51}.Release|Any CPU.Build.0 = Release|Any CPU
	EndGlobalSection
	GlobalSection(SolutionProperties) = preSolution
		HideSolutionNode = FALSE
	EndGlobalSection
	GlobalSection(ExtensibilityGlobals) = postSolution
		SolutionGuid = {72CF72ED-FAD5-47A6-9C49-17614B4B8B8B}
	EndGlobalSection
EndGlobal
